
Microsoft Visual Studio Solution File, Format Version 12.00
# Visual Studio 14
VisualStudioVersion = 14.0.25420.1
MinimumVisualStudioVersion = 10.0.40219.1
Project("{8BC9CEB8-8B4A-11D0-8D11-00A0C91BC942}") = "Install", "Install\Install.vcxproj", "{9A5FD7A0-8957-4905-A290-265794491900}"
EndProject
Project("{8BC9CEB8-8B4A-11D0-8D11-00A0C91BC942}") = "LibProps", "LibProps\LibProps.vcxproj", "{CFAD95A7-8357-473C-A502-7DEEF9473326}"
EndProject
Project("{8BC9CEB8-8B4A-11D0-8D11-00A0C91BC942}") = "example", "example\example.vcxproj", "{6BA95536-BD1E-4C8E-98B6-80FD28F09D43}"
EndProject
Global
	GlobalSection(SolutionConfigurationPlatforms) = preSolution
		Debug|x64 = Debug|x64
		Debug|x86 = Debug|x86
		Release|x64 = Release|x64
		Release|x86 = Release|x86
	EndGlobalSection
	GlobalSection(ProjectConfigurationPlatforms) = postSolution
		{9A5FD7A0-8957-4905-A290-265794491900}.Debug|x64.ActiveCfg = Debug|x64
		{9A5FD7A0-8957-4905-A290-265794491900}.Debug|x64.Build.0 = Debug|x64
		{9A5FD7A0-8957-4905-A290-265794491900}.Debug|x86.ActiveCfg = Debug|x64
		{9A5FD7A0-8957-4905-A290-265794491900}.Release|x64.ActiveCfg = Release|x64
		{9A5FD7A0-8957-4905-A290-265794491900}.Release|x64.Build.0 = Release|x64
		{9A5FD7A0-8957-4905-A290-265794491900}.Release|x86.ActiveCfg = Release|x64
		{CFAD95A7-8357-473C-A502-7DEEF9473326}.Debug|x64.ActiveCfg = Debug|x64
		{CFAD95A7-8357-473C-A502-7DEEF9473326}.Debug|x64.Build.0 = Debug|x64
		{CFAD95A7-8357-473C-A502-7DEEF9473326}.Debug|x86.ActiveCfg = Debug|Win32
		{CFAD95A7-8357-473C-A502-7DEEF9473326}.Debug|x86.Build.0 = Debug|Win32
		{CFAD95A7-8357-473C-A502-7DEEF9473326}.Release|x64.ActiveCfg = Release|x64
		{CFAD95A7-8357-473C-A502-7DEEF9473326}.Release|x64.Build.0 = Release|x64
		{CFAD95A7-8357-473C-A502-7DEEF9473326}.Release|x86.ActiveCfg = Release|Win32
		{CFAD95A7-8357-473C-A502-7DEEF9473326}.Release|x86.Build.0 = Release|Win32
		{6BA95536-BD1E-4C8E-98B6-80FD28F09D43}.Debug|x64.ActiveCfg = Debug|x64
		{6BA95536-BD1E-4C8E-98B6-80FD28F09D43}.Debug|x64.Build.0 = Debug|x64
		{6BA95536-BD1E-4C8E-98B6-80FD28F09D43}.Debug|x86.ActiveCfg = Debug|Win32
		{6BA95536-BD1E-4C8E-98B6-80FD28F09D43}.Debug|x86.Build.0 = Debug|Win32
		{6BA95536-BD1E-4C8E-98B6-80FD28F09D43}.Release|x64.ActiveCfg = Release|x64
		{6BA95536-BD1E-4C8E-98B6-80FD28F09D43}.Release|x64.Build.0 = Release|x64
		{6BA95536-BD1E-4C8E-98B6-80FD28F09D43}.Release|x86.ActiveCfg = Release|Win32
		{6BA95536-BD1E-4C8E-98B6-80FD28F09D43}.Release|x86.Build.0 = Release|Win32
	EndGlobalSection
	GlobalSection(SolutionProperties) = preSolution
		HideSolutionNode = FALSE
	EndGlobalSection
EndGlobal
